{
	"name": "@hyral/vue",
	"version": "2.0.0-prerelease.2",
	"lockfileVersion": 1,
	"requires": true,
	"dependencies": {
		"@hyral/core": {
			"version": "2.0.0-prerelease.1",
			"resolved": "https://registry.npmjs.org/@hyral/core/-/core-2.0.0-prerelease.1.tgz",
			"integrity": "sha512-UceBETlfd/U8m4qbLSpgmzFQV6uh3TF/ZLlyW4cd40cmZjOrEm5wkRMrA6N58cD4E8EVB2vUfxjtKiU0PLIVOg==",
			"requires": {
				"axios": "^0.21.1"
			}
		},
		"axios": {
			"version": "0.21.1",
			"resolved": "https://registry.npmjs.org/axios/-/axios-0.21.1.tgz",
			"integrity": "sha512-dKQiRHxGD9PPRIUNIWvZhPTPpl1rf/OxTYKsqKUDjBwYylTvV7SjSHJb9ratfyzM6wCdLCOYLzs73qpg5c4iGA==",
			"requires": {
				"follow-redirects": "^1.10.0"
			}
		},
		"follow-redirects": {
			"version": "1.14.1",
			"resolved": "https://registry.npmjs.org/follow-redirects/-/follow-redirects-1.14.1.tgz",
			"integrity": "sha512-HWqDgT7ZEkqRzBvc2s64vSZ/hfOceEol3ac/7tKwzuvEyWx3/4UegXh5oBOIotkGsObyk3xznnSRVADBgWSQVg=="
		},
		"vue": {
			"version": "2.6.12",
			"resolved": "https://registry.npmjs.org/vue/-/vue-2.6.12.tgz",
			"integrity": "sha512-uhmLFETqPPNyuLLbsKz6ioJ4q7AZHzD8ZVFNATNyICSZouqP2Sz0rotWQC8UNBF6VGSCs5abnKJoStA6JbCbfg==",
			"dev": true
		},
		"vuex": {
			"version": "3.6.2",
			"resolved": "https://registry.npmjs.org/vuex/-/vuex-3.6.2.tgz",
			"integrity": "sha512-ETW44IqCgBpVomy520DT5jf8n0zoCac+sxWnn+hMe/CzaSejb/eVw2YToiXYX+Ex/AuHHia28vWTq4goAexFbw==",
			"dev": true
		}
	}
}
