{
	"name": "@hyral/json-api",
	"version": "2.0.0-prerelease.2",
	"lockfileVersion": 1,
	"requires": true,
	"dependencies": {
		"@hyral/core": {
			"version": "2.0.0-prerelease.1",
			"resolved": "https://registry.npmjs.org/@hyral/core/-/core-2.0.0-prerelease.1.tgz",
			"integrity": "sha512-UceBETlfd/U8m4qbLSpgmzFQV6uh3TF/ZLlyW4cd40cmZjOrEm5wkRMrA6N58cD4E8EVB2vUfxjtKiU0PLIVOg==",
			"requires": {
				"axios": "^0.21.1"
			}
		},
		"@types/lodash": {
			"version": "4.14.168",
			"resolved": "https://registry.npmjs.org/@types/lodash/-/lodash-4.14.168.tgz",
			"integrity": "sha512-oVfRvqHV/V6D1yifJbVRU3TMp8OT6o6BG+U9MkwuJ3U8/CsDHvalRpsxBqivn71ztOFZBTfJMvETbqHiaNSj7Q==",
			"dev": true
		},
		"@types/node": {
			"version": "14.14.41",
			"resolved": "https://registry.npmjs.org/@types/node/-/node-14.14.41.tgz",
			"integrity": "sha512-dueRKfaJL4RTtSa7bWeTK1M+VH+Gns73oCgzvYfHZywRCoPSd8EkXBL0mZ9unPTveBn+D9phZBaxuzpwjWkW0g==",
			"dev": true
		},
		"@types/qs": {
			"version": "6.9.6",
			"resolved": "https://registry.npmjs.org/@types/qs/-/qs-6.9.6.tgz",
			"integrity": "sha512-0/HnwIfW4ki2D8L8c9GVcG5I72s9jP5GSLVF0VIXDW00kmIpA6O33G7a8n59Tmh7Nz0WUC3rSb7PTY/sdW2JzA==",
			"dev": true
		},
		"@types/webidl-conversions": {
			"version": "6.1.0",
			"resolved": "https://registry.npmjs.org/@types/webidl-conversions/-/webidl-conversions-6.1.0.tgz",
			"integrity": "sha512-SI9Jyayf2Ia28QFm0Mb3rVcA7ZwU89sos+gQQ6oY4/eKAReHyYYWTZD8Oqsq+CIRfZ+rEskvBaTZzHJ9njGZZQ==",
			"dev": true
		},
		"@types/whatwg-url": {
			"version": "8.2.0",
			"resolved": "https://registry.npmjs.org/@types/whatwg-url/-/whatwg-url-8.2.0.tgz",
			"integrity": "sha512-Wjdu2Zi6xPK24AqvK7a4HHTdCeWQowXWB/QrCoVauQqfAqbgPZGCrc3wmpyFiToO/fWjzsdEb5lY0oKJWaEi7g==",
			"dev": true,
			"requires": {
				"@types/node": "*",
				"@types/webidl-conversions": "*"
			}
		},
		"axios": {
			"version": "0.21.1",
			"resolved": "https://registry.npmjs.org/axios/-/axios-0.21.1.tgz",
			"integrity": "sha512-dKQiRHxGD9PPRIUNIWvZhPTPpl1rf/OxTYKsqKUDjBwYylTvV7SjSHJb9ratfyzM6wCdLCOYLzs73qpg5c4iGA==",
			"requires": {
				"follow-redirects": "^1.10.0"
			}
		},
		"call-bind": {
			"version": "1.0.2",
			"resolved": "https://registry.npmjs.org/call-bind/-/call-bind-1.0.2.tgz",
			"integrity": "sha512-7O+FbCihrB5WGbFYesctwmTKae6rOiIzmz1icreWJ+0aA7LJfuqhEso2T9ncpcFtzMQtzXf2QGGueWJGTYsqrA==",
			"requires": {
				"function-bind": "^1.1.1",
				"get-intrinsic": "^1.0.2"
			}
		},
		"follow-redirects": {
			"version": "1.14.1",
			"resolved": "https://registry.npmjs.org/follow-redirects/-/follow-redirects-1.14.1.tgz",
			"integrity": "sha512-HWqDgT7ZEkqRzBvc2s64vSZ/hfOceEol3ac/7tKwzuvEyWx3/4UegXh5oBOIotkGsObyk3xznnSRVADBgWSQVg=="
		},
		"function-bind": {
			"version": "1.1.1",
			"resolved": "https://registry.npmjs.org/function-bind/-/function-bind-1.1.1.tgz",
			"integrity": "sha512-yIovAzMX49sF8Yl58fSCWJ5svSLuaibPxXQJFLmBObTuCr0Mf1KiPopGM9NiFjiYBCbfaa2Fh6breQ6ANVTI0A=="
		},
		"get-intrinsic": {
			"version": "1.1.1",
			"resolved": "https://registry.npmjs.org/get-intrinsic/-/get-intrinsic-1.1.1.tgz",
			"integrity": "sha512-kWZrnVM42QCiEA2Ig1bG8zjoIMOgxWwYCEeNdwY6Tv/cOSeGpcoX4pXHfKUxNKVoArnrEr2e9srnAxxGIraS9Q==",
			"requires": {
				"function-bind": "^1.1.1",
				"has": "^1.0.3",
				"has-symbols": "^1.0.1"
			}
		},
		"has": {
			"version": "1.0.3",
			"resolved": "https://registry.npmjs.org/has/-/has-1.0.3.tgz",
			"integrity": "sha512-f2dvO0VU6Oej7RkWJGrehjbzMAjFp5/VKPp5tTpWIV4JHHZK1/BxbFRtf/siA2SWTe09caDmVtYYzWEIbBS4zw==",
			"requires": {
				"function-bind": "^1.1.1"
			}
		},
		"has-symbols": {
			"version": "1.0.2",
			"resolved": "https://registry.npmjs.org/has-symbols/-/has-symbols-1.0.2.tgz",
			"integrity": "sha512-chXa79rL/UC2KlX17jo3vRGz0azaWEx5tGqZg5pO3NUyEJVB17dMruQlzCCOfUvElghKcm5194+BCRvi2Rv/Gw=="
		},
		"lodash": {
			"version": "4.17.21",
			"resolved": "https://registry.npmjs.org/lodash/-/lodash-4.17.21.tgz",
			"integrity": "sha512-v2kDEe57lecTulaDIuNTPy3Ry4gLGJ6Z1O3vE1krgXZNrsQ+LFTGHVxVjcXPs17LhbZVGedAJv8XZ1tvj5FvSg=="
		},
		"object-inspect": {
			"version": "1.10.2",
			"resolved": "https://registry.npmjs.org/object-inspect/-/object-inspect-1.10.2.tgz",
			"integrity": "sha512-gz58rdPpadwztRrPjZE9DZLOABUpTGdcANUgOwBFO1C+HZZhePoP83M65WGDmbpwFYJSWqavbl4SgDn4k8RYTA=="
		},
		"punycode": {
			"version": "2.1.1",
			"resolved": "https://registry.npmjs.org/punycode/-/punycode-2.1.1.tgz",
			"integrity": "sha512-XRsRjdf+j5ml+y/6GKHPZbrF/8p2Yga0JPtdqTIY2Xe5ohJPD9saDJJLPvp9+NSBprVvevdXZybnj2cv8OEd0A=="
		},
		"qs": {
			"version": "6.10.1",
			"resolved": "https://registry.npmjs.org/qs/-/qs-6.10.1.tgz",
			"integrity": "sha512-M528Hph6wsSVOBiYUnGf+K/7w0hNshs/duGsNXPUCLH5XAqjEtiPGwNONLV0tBH8NoGb0mvD5JubnUTrujKDTg==",
			"requires": {
				"side-channel": "^1.0.4"
			}
		},
		"side-channel": {
			"version": "1.0.4",
			"resolved": "https://registry.npmjs.org/side-channel/-/side-channel-1.0.4.tgz",
			"integrity": "sha512-q5XPytqFEIKHkGdiMIrY10mvLRvnQh42/+GoBlFW3b2LXLE2xxJpZFdm94we0BaoV3RwJyGqg5wS7epxTv0Zvw==",
			"requires": {
				"call-bind": "^1.0.0",
				"get-intrinsic": "^1.0.2",
				"object-inspect": "^1.9.0"
			}
		},
		"tr46": {
			"version": "2.0.2",
			"resolved": "https://registry.npmjs.org/tr46/-/tr46-2.0.2.tgz",
			"integrity": "sha512-3n1qG+/5kg+jrbTzwAykB5yRYtQCTqOGKq5U5PE3b0a1/mzo6snDhjGS0zJVJunO0NrT3Dg1MLy5TjWP/UJppg==",
			"requires": {
				"punycode": "^2.1.1"
			}
		},
		"webidl-conversions": {
			"version": "6.1.0",
			"resolved": "https://registry.npmjs.org/webidl-conversions/-/webidl-conversions-6.1.0.tgz",
			"integrity": "sha512-qBIvFLGiBpLjfwmYAaHPXsn+ho5xZnGvyGvsarywGNc8VyQJUMHJ8OBKGGrPER0okBeMDaan4mNBlgBROxuI8w=="
		},
		"whatwg-url": {
			"version": "8.5.0",
			"resolved": "https://registry.npmjs.org/whatwg-url/-/whatwg-url-8.5.0.tgz",
			"integrity": "sha512-fy+R77xWv0AiqfLl4nuGUlQ3/6b5uNfQ4WAbGQVMYshCTCCPK9psC1nWh3XHuxGVCtlcDDQPQW1csmmIQo+fwg==",
			"requires": {
				"lodash": "^4.7.0",
				"tr46": "^2.0.2",
				"webidl-conversions": "^6.1.0"
			}
		}
	}
}
